Microsoft Visual Studio Solution File, Format Version 8.00
Project("{8BC9CEB8-8B4A-11D0-8D11-00A0C91BC942}") = "Implicit", "Implicit\Implicit.vcproj", "{83954EA0-9BE5-42AA-8B35-6D78D3F73938}"
	ProjectSection(ProjectDependencies) = postProject
	EndProjectSection
EndProject
Project("{8BC9CEB8-8B4A-11D0-8D11-00A0C91BC942}") = "Rgbhsl", "Rgbhsl\Rgbhsl.vcproj", "{A7CC0F11-CED4-4697-BCFF-AD8015E77FBE}"
	ProjectSection(ProjectDependencies) = postProject
	EndProjectSection
EndProject
Project("{8BC9CEB8-8B4A-11D0-8D11-00A0C91BC942}") = "rsMath", "rsMath\rsMath.vcproj", "{8CEDD5EF-0615-4517-8845-054E44B17E3C}"
	ProjectSection(ProjectDependencies) = postProject
	EndProjectSection
EndProject
Project("{8BC9CEB8-8B4A-11D0-8D11-00A0C91BC942}") = "rsWin32Saver", "rsWin32Saver\rsWin32Saver.vcproj", "{F1AF4DEC-0CE1-4E47-B5AF-3E86D1C0F293}"
	ProjectSection(ProjectDependencies) = postProject
	EndProjectSection
EndProject
Project("{8BC9CEB8-8B4A-11D0-8D11-00A0C91BC942}") = "Flux", "Flux\Flux.vcproj", "{ADE39BD6-7285-4441-9B9C-54B18C8FF77E}"
	ProjectSection(ProjectDependencies) = postProject
		{A7CC0F11-CED4-4697-BCFF-AD8015E77FBE} = {A7CC0F11-CED4-4697-BCFF-AD8015E77FBE}
		{6FADE693-C3CE-4183-B245-5F9878C5155C} = {6FADE693-C3CE-4183-B245-5F9878C5155C}
		{F1AF4DEC-0CE1-4E47-B5AF-3E86D1C0F293} = {F1AF4DEC-0CE1-4E47-B5AF-3E86D1C0F293}
	EndProjectSection
EndProject
Project("{8BC9CEB8-8B4A-11D0-8D11-00A0C91BC942}") = "Skyrocket", "Skyrocket\Skyrocket.vcproj", "{C9069251-5208-44FA-9F04-F931E7DE5903}"
	ProjectSection(ProjectDependencies) = postProject
		{6FADE693-C3CE-4183-B245-5F9878C5155C} = {6FADE693-C3CE-4183-B245-5F9878C5155C}
		{F1AF4DEC-0CE1-4E47-B5AF-3E86D1C0F293} = {F1AF4DEC-0CE1-4E47-B5AF-3E86D1C0F293}
		{8CEDD5EF-0615-4517-8845-054E44B17E3C} = {8CEDD5EF-0615-4517-8845-054E44B17E3C}
	EndProjectSection
EndProject
Project("{8BC9CEB8-8B4A-11D0-8D11-00A0C91BC942}") = "Cyclone", "Cyclone\Cyclone.vcproj", "{0A79E717-8222-489E-922D-56BA82F72B21}"
	ProjectSection(ProjectDependencies) = postProject
		{A7CC0F11-CED4-4697-BCFF-AD8015E77FBE} = {A7CC0F11-CED4-4697-BCFF-AD8015E77FBE}
		{6FADE693-C3CE-4183-B245-5F9878C5155C} = {6FADE693-C3CE-4183-B245-5F9878C5155C}
		{F1AF4DEC-0CE1-4E47-B5AF-3E86D1C0F293} = {F1AF4DEC-0CE1-4E47-B5AF-3E86D1C0F293}
	EndProjectSection
EndProject
Project("{8BC9CEB8-8B4A-11D0-8D11-00A0C91BC942}") = "Flocks", "Flocks\Flocks.vcproj", "{0D39BFA6-BE78-4C2A-A93C-59050C3F573D}"
	ProjectSection(ProjectDependencies) = postProject
		{A7CC0F11-CED4-4697-BCFF-AD8015E77FBE} = {A7CC0F11-CED4-4697-BCFF-AD8015E77FBE}
		{6FADE693-C3CE-4183-B245-5F9878C5155C} = {6FADE693-C3CE-4183-B245-5F9878C5155C}
		{F1AF4DEC-0CE1-4E47-B5AF-3E86D1C0F293} = {F1AF4DEC-0CE1-4E47-B5AF-3E86D1C0F293}
	EndProjectSection
EndProject
Project("{8BC9CEB8-8B4A-11D0-8D11-00A0C91BC942}") = "FieldLines", "FieldLines\FieldLines.vcproj", "{9E08A8F2-1A66-48BB-91E8-EA69D2ABB9C5}"
	ProjectSection(ProjectDependencies) = postProject
		{6FADE693-C3CE-4183-B245-5F9878C5155C} = {6FADE693-C3CE-4183-B245-5F9878C5155C}
		{F1AF4DEC-0CE1-4E47-B5AF-3E86D1C0F293} = {F1AF4DEC-0CE1-4E47-B5AF-3E86D1C0F293}
	EndProjectSection
EndProject
Project("{8BC9CEB8-8B4A-11D0-8D11-00A0C91BC942}") = "SolarWinds", "SolarWinds\SolarWinds.vcproj", "{9161C495-4A8A-4C15-8BB6-29A795EF882A}"
	ProjectSection(ProjectDependencies) = postProject
		{6FADE693-C3CE-4183-B245-5F9878C5155C} = {6FADE693-C3CE-4183-B245-5F9878C5155C}
		{F1AF4DEC-0CE1-4E47-B5AF-3E86D1C0F293} = {F1AF4DEC-0CE1-4E47-B5AF-3E86D1C0F293}
	EndProjectSection
EndProject
Project("{8BC9CEB8-8B4A-11D0-8D11-00A0C91BC942}") = "Helios", "Helios\Helios.vcproj", "{4F079347-FCCE-46E4-A050-E334564BF732}"
	ProjectSection(ProjectDependencies) = postProject
		{A7CC0F11-CED4-4697-BCFF-AD8015E77FBE} = {A7CC0F11-CED4-4697-BCFF-AD8015E77FBE}
		{6FADE693-C3CE-4183-B245-5F9878C5155C} = {6FADE693-C3CE-4183-B245-5F9878C5155C}
		{83954EA0-9BE5-42AA-8B35-6D78D3F73938} = {83954EA0-9BE5-42AA-8B35-6D78D3F73938}
		{F1AF4DEC-0CE1-4E47-B5AF-3E86D1C0F293} = {F1AF4DEC-0CE1-4E47-B5AF-3E86D1C0F293}
		{8CEDD5EF-0615-4517-8845-054E44B17E3C} = {8CEDD5EF-0615-4517-8845-054E44B17E3C}
	EndProjectSection
EndProject
Project("{8BC9CEB8-8B4A-11D0-8D11-00A0C91BC942}") = "Lattice", "Lattice\Lattice.vcproj", "{351E71BA-F0B3-4753-9070-FF0E07562EAE}"
	ProjectSection(ProjectDependencies) = postProject
		{6FADE693-C3CE-4183-B245-5F9878C5155C} = {6FADE693-C3CE-4183-B245-5F9878C5155C}
		{F1AF4DEC-0CE1-4E47-B5AF-3E86D1C0F293} = {F1AF4DEC-0CE1-4E47-B5AF-3E86D1C0F293}
		{8CEDD5EF-0615-4517-8845-054E44B17E3C} = {8CEDD5EF-0615-4517-8845-054E44B17E3C}
	EndProjectSection
EndProject
Project("{8BC9CEB8-8B4A-11D0-8D11-00A0C91BC942}") = "Euphoria", "Euphoria\Euphoria.vcproj", "{A450A0A2-B641-46C9-B138-20E06622AC8E}"
	ProjectSection(ProjectDependencies) = postProject
		{A7CC0F11-CED4-4697-BCFF-AD8015E77FBE} = {A7CC0F11-CED4-4697-BCFF-AD8015E77FBE}
		{6FADE693-C3CE-4183-B245-5F9878C5155C} = {6FADE693-C3CE-4183-B245-5F9878C5155C}
		{F1AF4DEC-0CE1-4E47-B5AF-3E86D1C0F293} = {F1AF4DEC-0CE1-4E47-B5AF-3E86D1C0F293}
		{8CEDD5EF-0615-4517-8845-054E44B17E3C} = {8CEDD5EF-0615-4517-8845-054E44B17E3C}
	EndProjectSection
EndProject
Project("{8BC9CEB8-8B4A-11D0-8D11-00A0C91BC942}") = "Hyperspace", "Hyperspace\Hyperspace.vcproj", "{BAF14235-DC1C-4744-900D-5BE84BE1672D}"
	ProjectSection(ProjectDependencies) = postProject
		{A7CC0F11-CED4-4697-BCFF-AD8015E77FBE} = {A7CC0F11-CED4-4697-BCFF-AD8015E77FBE}
		{6FADE693-C3CE-4183-B245-5F9878C5155C} = {6FADE693-C3CE-4183-B245-5F9878C5155C}
		{83954EA0-9BE5-42AA-8B35-6D78D3F73938} = {83954EA0-9BE5-42AA-8B35-6D78D3F73938}
		{F1AF4DEC-0CE1-4E47-B5AF-3E86D1C0F293} = {F1AF4DEC-0CE1-4E47-B5AF-3E86D1C0F293}
		{8CEDD5EF-0615-4517-8845-054E44B17E3C} = {8CEDD5EF-0615-4517-8845-054E44B17E3C}
	EndProjectSection
EndProject
Project("{8BC9CEB8-8B4A-11D0-8D11-00A0C91BC942}") = "Plasma", "Plasma\Plasma.vcproj", "{5ED47E07-FB54-408F-8D6C-1AE6BDEAF09E}"
	ProjectSection(ProjectDependencies) = postProject
		{6FADE693-C3CE-4183-B245-5F9878C5155C} = {6FADE693-C3CE-4183-B245-5F9878C5155C}
		{F1AF4DEC-0CE1-4E47-B5AF-3E86D1C0F293} = {F1AF4DEC-0CE1-4E47-B5AF-3E86D1C0F293}
	EndProjectSection
EndProject
Project("{8BC9CEB8-8B4A-11D0-8D11-00A0C91BC942}") = "rsText", "rsText\rsText.vcproj", "{6FADE693-C3CE-4183-B245-5F9878C5155C}"
	ProjectSection(ProjectDependencies) = postProject
	EndProjectSection
EndProject
Project("{8BC9CEB8-8B4A-11D0-8D11-00A0C91BC942}") = "ImplicitDemo", "ImplicitDemo\ImplicitDemo.vcproj", "{63F1FFA0-AB40-4F11-A002-337A4107F8B6}"
	ProjectSection(ProjectDependencies) = postProject
		{83954EA0-9BE5-42AA-8B35-6D78D3F73938} = {83954EA0-9BE5-42AA-8B35-6D78D3F73938}
		{8CEDD5EF-0615-4517-8845-054E44B17E3C} = {8CEDD5EF-0615-4517-8845-054E44B17E3C}
	EndProjectSection
EndProject
Global
	GlobalSection(SolutionConfiguration) = preSolution
		Debug = Debug
		Release = Release
	EndGlobalSection
	GlobalSection(ProjectConfiguration) = postSolution
		{83954EA0-9BE5-42AA-8B35-6D78D3F73938}.Debug.ActiveCfg = Debug|Win32
		{83954EA0-9BE5-42AA-8B35-6D78D3F73938}.Debug.Build.0 = Debug|Win32
		{83954EA0-9BE5-42AA-8B35-6D78D3F73938}.Release.ActiveCfg = Release|Win32
		{83954EA0-9BE5-42AA-8B35-6D78D3F73938}.Release.Build.0 = Release|Win32
		{A7CC0F11-CED4-4697-BCFF-AD8015E77FBE}.Debug.ActiveCfg = Debug|Win32
		{A7CC0F11-CED4-4697-BCFF-AD8015E77FBE}.Debug.Build.0 = Debug|Win32
		{A7CC0F11-CED4-4697-BCFF-AD8015E77FBE}.Release.ActiveCfg = Release|Win32
		{A7CC0F11-CED4-4697-BCFF-AD8015E77FBE}.Release.Build.0 = Release|Win32
		{8CEDD5EF-0615-4517-8845-054E44B17E3C}.Debug.ActiveCfg = Debug|Win32
		{8CEDD5EF-0615-4517-8845-054E44B17E3C}.Debug.Build.0 = Debug|Win32
		{8CEDD5EF-0615-4517-8845-054E44B17E3C}.Release.ActiveCfg = Release|Win32
		{8CEDD5EF-0615-4517-8845-054E44B17E3C}.Release.Build.0 = Release|Win32
		{F1AF4DEC-0CE1-4E47-B5AF-3E86D1C0F293}.Debug.ActiveCfg = Debug|Win32
		{F1AF4DEC-0CE1-4E47-B5AF-3E86D1C0F293}.Debug.Build.0 = Debug|Win32
		{F1AF4DEC-0CE1-4E47-B5AF-3E86D1C0F293}.Release.ActiveCfg = Release|Win32
		{F1AF4DEC-0CE1-4E47-B5AF-3E86D1C0F293}.Release.Build.0 = Release|Win32
		{ADE39BD6-7285-4441-9B9C-54B18C8FF77E}.Debug.ActiveCfg = Debug|Win32
		{ADE39BD6-7285-4441-9B9C-54B18C8FF77E}.Debug.Build.0 = Debug|Win32
		{ADE39BD6-7285-4441-9B9C-54B18C8FF77E}.Release.ActiveCfg = Release|Win32
		{ADE39BD6-7285-4441-9B9C-54B18C8FF77E}.Release.Build.0 = Release|Win32
		{C9069251-5208-44FA-9F04-F931E7DE5903}.Debug.ActiveCfg = Debug|Win32
		{C9069251-5208-44FA-9F04-F931E7DE5903}.Debug.Build.0 = Debug|Win32
		{C9069251-5208-44FA-9F04-F931E7DE5903}.Release.ActiveCfg = Release|Win32
		{C9069251-5208-44FA-9F04-F931E7DE5903}.Release.Build.0 = Release|Win32
		{0A79E717-8222-489E-922D-56BA82F72B21}.Debug.ActiveCfg = Debug|Win32
		{0A79E717-8222-489E-922D-56BA82F72B21}.Debug.Build.0 = Debug|Win32
		{0A79E717-8222-489E-922D-56BA82F72B21}.Release.ActiveCfg = Release|Win32
		{0A79E717-8222-489E-922D-56BA82F72B21}.Release.Build.0 = Release|Win32
		{0D39BFA6-BE78-4C2A-A93C-59050C3F573D}.Debug.ActiveCfg = Debug|Win32
		{0D39BFA6-BE78-4C2A-A93C-59050C3F573D}.Debug.Build.0 = Debug|Win32
		{0D39BFA6-BE78-4C2A-A93C-59050C3F573D}.Release.ActiveCfg = Release|Win32
		{0D39BFA6-BE78-4C2A-A93C-59050C3F573D}.Release.Build.0 = Release|Win32
		{9E08A8F2-1A66-48BB-91E8-EA69D2ABB9C5}.Debug.ActiveCfg = Debug|Win32
		{9E08A8F2-1A66-48BB-91E8-EA69D2ABB9C5}.Debug.Build.0 = Debug|Win32
		{9E08A8F2-1A66-48BB-91E8-EA69D2ABB9C5}.Release.ActiveCfg = Release|Win32
		{9E08A8F2-1A66-48BB-91E8-EA69D2ABB9C5}.Release.Build.0 = Release|Win32
		{9161C495-4A8A-4C15-8BB6-29A795EF882A}.Debug.ActiveCfg = Debug|Win32
		{9161C495-4A8A-4C15-8BB6-29A795EF882A}.Debug.Build.0 = Debug|Win32
		{9161C495-4A8A-4C15-8BB6-29A795EF882A}.Release.ActiveCfg = Release|Win32
		{9161C495-4A8A-4C15-8BB6-29A795EF882A}.Release.Build.0 = Release|Win32
		{4F079347-FCCE-46E4-A050-E334564BF732}.Debug.ActiveCfg = Debug|Win32
		{4F079347-FCCE-46E4-A050-E334564BF732}.Debug.Build.0 = Debug|Win32
		{4F079347-FCCE-46E4-A050-E334564BF732}.Release.ActiveCfg = Release|Win32
		{4F079347-FCCE-46E4-A050-E334564BF732}.Release.Build.0 = Release|Win32
		{351E71BA-F0B3-4753-9070-FF0E07562EAE}.Debug.ActiveCfg = Debug|Win32
		{351E71BA-F0B3-4753-9070-FF0E07562EAE}.Debug.Build.0 = Debug|Win32
		{351E71BA-F0B3-4753-9070-FF0E07562EAE}.Release.ActiveCfg = Release|Win32
		{351E71BA-F0B3-4753-9070-FF0E07562EAE}.Release.Build.0 = Release|Win32
		{A450A0A2-B641-46C9-B138-20E06622AC8E}.Debug.ActiveCfg = Debug|Win32
		{A450A0A2-B641-46C9-B138-20E06622AC8E}.Debug.Build.0 = Debug|Win32
		{A450A0A2-B641-46C9-B138-20E06622AC8E}.Release.ActiveCfg = Release|Win32
		{A450A0A2-B641-46C9-B138-20E06622AC8E}.Release.Build.0 = Release|Win32
		{BAF14235-DC1C-4744-900D-5BE84BE1672D}.Debug.ActiveCfg = Debug|Win32
		{BAF14235-DC1C-4744-900D-5BE84BE1672D}.Debug.Build.0 = Debug|Win32
		{BAF14235-DC1C-4744-900D-5BE84BE1672D}.Release.ActiveCfg = Release|Win32
		{BAF14235-DC1C-4744-900D-5BE84BE1672D}.Release.Build.0 = Release|Win32
		{5ED47E07-FB54-408F-8D6C-1AE6BDEAF09E}.Debug.ActiveCfg = Debug|Win32
		{5ED47E07-FB54-408F-8D6C-1AE6BDEAF09E}.Debug.Build.0 = Debug|Win32
		{5ED47E07-FB54-408F-8D6C-1AE6BDEAF09E}.Release.ActiveCfg = Release|Win32
		{5ED47E07-FB54-408F-8D6C-1AE6BDEAF09E}.Release.Build.0 = Release|Win32
		{6FADE693-C3CE-4183-B245-5F9878C5155C}.Debug.ActiveCfg = Debug|Win32
		{6FADE693-C3CE-4183-B245-5F9878C5155C}.Debug.Build.0 = Debug|Win32
		{6FADE693-C3CE-4183-B245-5F9878C5155C}.Release.ActiveCfg = Release|Win32
		{6FADE693-C3CE-4183-B245-5F9878C5155C}.Release.Build.0 = Release|Win32
		{63F1FFA0-AB40-4F11-A002-337A4107F8B6}.Debug.ActiveCfg = Debug|Win32
		{63F1FFA0-AB40-4F11-A002-337A4107F8B6}.Debug.Build.0 = Debug|Win32
		{63F1FFA0-AB40-4F11-A002-337A4107F8B6}.Release.ActiveCfg = Release|Win32
		{63F1FFA0-AB40-4F11-A002-337A4107F8B6}.Release.Build.0 = Release|Win32
	EndGlobalSection
	GlobalSection(ExtensibilityGlobals) = postSolution
	EndGlobalSection
	GlobalSection(ExtensibilityAddIns) = postSolution
	EndGlobalSection
EndGlobal
