
Microsoft Visual Studio Solution File, Format Version 11.00
# Visual C++ Express 2010
Project("{8BC9CEB8-8B4A-11D0-8D11-00A0C91BC942}") = "Shaping", "Shaping(VS10).vcxproj", "{0B0C7110-9F4E-411B-9047-FB8543F39152}"
EndProject
Global
	GlobalSection(SolutionConfigurationPlatforms) = preSolution
		Debug|Win32 = Debug|Win32
		Release|Win32 = Release|Win32
	EndGlobalSection
	GlobalSection(ProjectConfigurationPlatforms) = postSolution
		{0B0C7110-9F4E-411B-9047-FB8543F39152}.Debug|Win32.ActiveCfg = Debug|Win32
		{0B0C7110-9F4E-411B-9047-FB8543F39152}.Debug|Win32.Build.0 = Debug|Win32
		{0B0C7110-9F4E-411B-9047-FB8543F39152}.Release|Win32.ActiveCfg = Release|Win32
		{0B0C7110-9F4E-411B-9047-FB8543F39152}.Release|Win32.Build.0 = Release|Win32
	EndGlobalSection
	GlobalSection(SolutionProperties) = preSolution
		HideSolutionNode = FALSE
	EndGlobalSection
EndGlobal
