
Microsoft Visual Studio Solution File, Format Version 9.00
# Visual Studio 2005
Project("{8BC9CEB8-8B4A-11D0-8D11-00A0C91BC942}") = "libcmd940", "libcmd940\libcmd940.vcproj", "{254287DA-9996-4426-9669-4A6FAA80CAE2}"
EndProject
Project("{8BC9CEB8-8B4A-11D0-8D11-00A0C91BC942}") = "code940", "code940\code940.vcproj", "{CA460AA5-1FF6-4CBB-90D2-86FF7872D49C}"
EndProject
Global
	GlobalSection(SolutionConfigurationPlatforms) = preSolution
		Debug|Win32 = Debug|Win32
		Release|Win32 = Release|Win32
	EndGlobalSection
	GlobalSection(ProjectConfigurationPlatforms) = postSolution
		{254287DA-9996-4426-9669-4A6FAA80CAE2}.Debug|Win32.ActiveCfg = Debug|Win32
		{254287DA-9996-4426-9669-4A6FAA80CAE2}.Debug|Win32.Build.0 = Debug|Win32
		{254287DA-9996-4426-9669-4A6FAA80CAE2}.Release|Win32.ActiveCfg = Release|Win32
		{254287DA-9996-4426-9669-4A6FAA80CAE2}.Release|Win32.Build.0 = Release|Win32
		{CA460AA5-1FF6-4CBB-90D2-86FF7872D49C}.Debug|Win32.ActiveCfg = Debug|Win32
		{CA460AA5-1FF6-4CBB-90D2-86FF7872D49C}.Debug|Win32.Build.0 = Debug|Win32
		{CA460AA5-1FF6-4CBB-90D2-86FF7872D49C}.Release|Win32.ActiveCfg = Release|Win32
		{CA460AA5-1FF6-4CBB-90D2-86FF7872D49C}.Release|Win32.Build.0 = Release|Win32
	EndGlobalSection
	GlobalSection(SolutionProperties) = preSolution
		HideSolutionNode = FALSE
	EndGlobalSection
EndGlobal
