
Microsoft Visual Studio Solution File, Format Version 9.00
# Visual Studio 2005
Project("{8BC9CEB8-8B4A-11D0-8D11-00A0C91BC942}") = "CowWin32", "CowWin32.vcproj", "{325C5CBF-0B0C-499F-BE70-2012295F348A}"
EndProject
Global
	GlobalSection(SolutionConfigurationPlatforms) = preSolution
		Debug|Win32 = Debug|Win32
		Release|Win32 = Release|Win32
	EndGlobalSection
	GlobalSection(ProjectConfigurationPlatforms) = postSolution
		{325C5CBF-0B0C-499F-BE70-2012295F348A}.Debug|Win32.ActiveCfg = Debug|Win32
		{325C5CBF-0B0C-499F-BE70-2012295F348A}.Debug|Win32.Build.0 = Debug|Win32
		{325C5CBF-0B0C-499F-BE70-2012295F348A}.Release|Win32.ActiveCfg = Release|Win32
		{325C5CBF-0B0C-499F-BE70-2012295F348A}.Release|Win32.Build.0 = Release|Win32
	EndGlobalSection
	GlobalSection(SolutionProperties) = preSolution
		HideSolutionNode = FALSE
	EndGlobalSection
EndGlobal
