
Microsoft Visual Studio Solution File, Format Version 11.00
# Visual C++ Express 2010
Project("{8BC9CEB8-8B4A-11D0-8D11-00A0C91BC942}") = "GettingStarted", "GettingStarted(VS10).vcxproj", "{18E667D6-0EC2-4ED4-8262-AB08B663EB93}"
EndProject
Global
	GlobalSection(SolutionConfigurationPlatforms) = preSolution
		Debug|Win32 = Debug|Win32
		Release|Win32 = Release|Win32
	EndGlobalSection
	GlobalSection(ProjectConfigurationPlatforms) = postSolution
		{18E667D6-0EC2-4ED4-8262-AB08B663EB93}.Debug|Win32.ActiveCfg = Debug|Win32
		{18E667D6-0EC2-4ED4-8262-AB08B663EB93}.Debug|Win32.Build.0 = Debug|Win32
		{18E667D6-0EC2-4ED4-8262-AB08B663EB93}.Release|Win32.ActiveCfg = Release|Win32
		{18E667D6-0EC2-4ED4-8262-AB08B663EB93}.Release|Win32.Build.0 = Release|Win32
	EndGlobalSection
	GlobalSection(SolutionProperties) = preSolution
		HideSolutionNode = FALSE
	EndGlobalSection
EndGlobal
