
Microsoft Visual Studio Solution File, Format Version 10.00
# Visual C++ Express 2008
Project("{8BC9CEB8-8B4A-11D0-8D11-00A0C91BC942}") = "Shaping", "Shaping(VS9).vcproj", "{52A4251D-58A7-4D67-A59B-C6F1F3897B09}"
EndProject
Global
	GlobalSection(SolutionConfigurationPlatforms) = preSolution
		Debug|Win32 = Debug|Win32
		Release|Win32 = Release|Win32
	EndGlobalSection
	GlobalSection(ProjectConfigurationPlatforms) = postSolution
		{52A4251D-58A7-4D67-A59B-C6F1F3897B09}.Debug|Win32.ActiveCfg = Debug|Win32
		{52A4251D-58A7-4D67-A59B-C6F1F3897B09}.Debug|Win32.Build.0 = Debug|Win32
		{52A4251D-58A7-4D67-A59B-C6F1F3897B09}.Release|Win32.ActiveCfg = Release|Win32
		{52A4251D-58A7-4D67-A59B-C6F1F3897B09}.Release|Win32.Build.0 = Release|Win32
	EndGlobalSection
	GlobalSection(SolutionProperties) = preSolution
		HideSolutionNode = FALSE
	EndGlobalSection
EndGlobal
