
Microsoft Visual Studio Solution File, Format Version 10.00
# Visual C++ Express 2008
Project("{8BC9CEB8-8B4A-11D0-8D11-00A0C91BC942}") = "ShaderLibrary", "ShaderLibrary(VS9).vcproj", "{9B55F084-31BE-4A88-832F-04DED572575F}"
EndProject
Global
	GlobalSection(SolutionConfigurationPlatforms) = preSolution
		Debug|Win32 = Debug|Win32
		Release|Win32 = Release|Win32
	EndGlobalSection
	GlobalSection(ProjectConfigurationPlatforms) = postSolution
		{9B55F084-31BE-4A88-832F-04DED572575F}.Debug|Win32.ActiveCfg = Debug|Win32
		{9B55F084-31BE-4A88-832F-04DED572575F}.Debug|Win32.Build.0 = Debug|Win32
		{9B55F084-31BE-4A88-832F-04DED572575F}.Release|Win32.ActiveCfg = Release|Win32
		{9B55F084-31BE-4A88-832F-04DED572575F}.Release|Win32.Build.0 = Release|Win32
	EndGlobalSection
	GlobalSection(SolutionProperties) = preSolution
		HideSolutionNode = FALSE
	EndGlobalSection
EndGlobal
