
Microsoft Visual Studio Solution File, Format Version 12.00
# Visual Studio Version 16
VisualStudioVersion = 16.0.31515.178
MinimumVisualStudioVersion = 10.0.40219.1
Project("{8BC9CEB8-8B4A-11D0-8D11-00A0C91BC942}") = "TabWnd", "TabWnd.vcxproj", "{88859BE2-5E58-4261-9D9C-1150B6FD5C0B}"
EndProject
Global
	GlobalSection(SolutionConfigurationPlatforms) = preSolution
		Debug|x86 = Debug|x86
		Release|x86 = Release|x86
	EndGlobalSection
	GlobalSection(ProjectConfigurationPlatforms) = postSolution
		{88859BE2-5E58-4261-9D9C-1150B6FD5C0B}.Debug|x86.ActiveCfg = Debug|Win32
		{88859BE2-5E58-4261-9D9C-1150B6FD5C0B}.Debug|x86.Build.0 = Debug|Win32
		{88859BE2-5E58-4261-9D9C-1150B6FD5C0B}.Release|x86.ActiveCfg = Release|Win32
		{88859BE2-5E58-4261-9D9C-1150B6FD5C0B}.Release|x86.Build.0 = Release|Win32
	EndGlobalSection
	GlobalSection(SolutionProperties) = preSolution
		HideSolutionNode = FALSE
	EndGlobalSection
	GlobalSection(ExtensibilityGlobals) = postSolution
		SolutionGuid = {FAF7F6A0-0F9B-42FF-9852-33DCEF93D37A}
	EndGlobalSection
EndGlobal
