
Microsoft Visual Studio Solution File, Format Version 9.00
# Visual C++ Express 2005
Project("{8BC9CEB8-8B4A-11D0-8D11-00A0C91BC942}") = "Demo-Win32", "Demo-Win32.vcproj", "{8F36A8CA-2740-40BB-81EE-C27C946446D6}"
EndProject
Global
	GlobalSection(SolutionConfigurationPlatforms) = preSolution
		Debug|Win32 = Debug|Win32
		Release|Win32 = Release|Win32
	EndGlobalSection
	GlobalSection(ProjectConfigurationPlatforms) = postSolution
		{8F36A8CA-2740-40BB-81EE-C27C946446D6}.Debug|Win32.ActiveCfg = Debug|Win32
		{8F36A8CA-2740-40BB-81EE-C27C946446D6}.Debug|Win32.Build.0 = Debug|Win32
		{8F36A8CA-2740-40BB-81EE-C27C946446D6}.Release|Win32.ActiveCfg = Release|Win32
		{8F36A8CA-2740-40BB-81EE-C27C946446D6}.Release|Win32.Build.0 = Release|Win32
	EndGlobalSection
	GlobalSection(SolutionProperties) = preSolution
		HideSolutionNode = FALSE
	EndGlobalSection
EndGlobal
