<?xml version="1.0" encoding="UTF-8" standalone="yes" ?>
<CodeBlocks_project_file>
	<FileVersion major="1" minor="6" />
	<Project>
		<Option title="Primitives" />
		<Option platforms="Windows;Unix;" />
		<Option pch_mode="2" />
		<Option compiler="gcc" />
		<Option virtualFolders="sources\;" />
		<Build>
			<Target title="Release(Window)">
				<Option platforms="Windows;" />
				<Option output="bin-Win32-gcc\Primitives" prefix_auto="1" extension_auto="1" />
				<Option working_dir="bin-Win32-gcc" />
				<Option object_output=".\" />
				<Option type="1" />
				<Option compiler="gcc" />
				<Option use_console_runner="0" />
				<Compiler>
					<Add option="-O2" />
				</Compiler>
				<Linker>
					<Add option="-s" />
					<Add library="..\..\..\lib\Win32-gcc\libSoftPixelEngine.a" />
				</Linker>
			</Target>
		</Build>
		<Compiler>
			<Add option="-Wall" />
		</Compiler>
		<Unit filename="sources\main.cpp">
			<Option virtualFolder="sources\" />
		</Unit>
		<Extensions>
			<code_completion />
			<debugger />
		</Extensions>
	</Project>
</CodeBlocks_project_file>
